
Microsoft Visual Studio Solution File, Format Version 12.00
# Visual Studio Version 17
VisualStudioVersion = 17.8.34525.116
MinimumVisualStudioVersion = 10.0.40219.1
Project("{FAE04EC0-301F-11D3-BF4B-00C04F79EFBC}") = "Ice Task 1", "Ice Task 1.csproj", "{3CF8DB5E-2F02-4EAD-BC83-BBB6D3C3D37A}"
EndProject
Global
	GlobalSection(SolutionConfigurationPlatforms) = preSolution
		Debug|Any CPU = Debug|Any CPU
		Release|Any CPU = Release|Any CPU
	EndGlobalSection
	GlobalSection(ProjectConfigurationPlatforms) = postSolution
		{3CF8DB5E-2F02-4EAD-BC83-BBB6D3C3D37A}.Debug|Any CPU.ActiveCfg = Debug|Any CPU
		{3CF8DB5E-2F02-4EAD-BC83-BBB6D3C3D37A}.Debug|Any CPU.Build.0 = Debug|Any CPU
		{3CF8DB5E-2F02-4EAD-BC83-BBB6D3C3D37A}.Release|Any CPU.ActiveCfg = Release|Any CPU
		{3CF8DB5E-2F02-4EAD-BC83-BBB6D3C3D37A}.Release|Any CPU.Build.0 = Release|Any CPU
	EndGlobalSection
	GlobalSection(SolutionProperties) = preSolution
		HideSolutionNode = FALSE
	EndGlobalSection
	GlobalSection(ExtensibilityGlobals) = postSolution
		SolutionGuid = {2DEFF6C2-5054-4E92-BD7A-4565D066B75A}
	EndGlobalSection
EndGlobal
